// !$*UTF8*$!
{
	archiveVersion = 1;
	classes = {
	};
	objectVersion = 50;
	objects = {

/* Begin PBXBuildFile section */
		92C234D420E3C1AC00BB8FC2 /* SmallCell.swift in Sources */ = {isa = PBXBuildFile; fileRef = 92C234D320E3C1AC00BB8FC2 /* SmallCell.swift */; };
		92C234D720E3C27500BB8FC2 /* SmallCellTableViewController.swift in Sources */ = {isa = PBXBuildFile; fileRef = 92C234D620E3C27500BB8FC2 /* SmallCellTableViewController.swift */; };
		92E9DDC320E4745400E7F9C3 /* ModalDetailViewController.swift in Sources */ = {isa = PBXBuildFile; fileRef = 92E9DDC220E4745400E7F9C3 /* ModalDetailViewController.swift */; };
		92E9DDC520E4766D00E7F9C3 /* UIImage+Extension.swift in Sources */ = {isa = PBXBuildFile; fileRef = 92E9DDC420E4766D00E7F9C3 /* UIImage+Extension.swift */; };
		92F4D91F20E35FEA008CECF7 /* AppDelegate.swift in Sources */ = {isa = PBXBuildFile; fileRef = 92F4D91E20E35FEA008CECF7 /* AppDelegate.swift */; };
		92F4D92420E35FEA008CECF7 /* Main.storyboard in Resources */ = {isa = PBXBuildFile; fileRef = 92F4D92220E35FEA008CECF7 /* Main.storyboard */; };
		92F4D92620E35FEC008CECF7 /* Assets.xcassets in Resources */ = {isa = PBXBuildFile; fileRef = 92F4D92520E35FEC008CECF7 /* Assets.xcassets */; };
		92F4D92920E35FEC008CECF7 /* LaunchScreen.storyboard in Resources */ = {isa = PBXBuildFile; fileRef = 92F4D92720E35FEC008CECF7 /* LaunchScreen.storyboard */; };
		92F4D93520E36272008CECF7 /* TableViewController.swift in Sources */ = {isa = PBXBuildFile; fileRef = 92F4D93420E36272008CECF7 /* TableViewController.swift */; };
		92F4D93720E36DA7008CECF7 /* MyTableViewCell.swift in Sources */ = {isa = PBXBuildFile; fileRef = 92F4D93620E36DA7008CECF7 /* MyTableViewCell.swift */; };
		92F4D93920E3757F008CECF7 /* PushDetailViewController.swift in Sources */ = {isa = PBXBuildFile; fileRef = 92F4D93820E3757F008CECF7 /* PushDetailViewController.swift */; };
		92F4D93B20E37623008CECF7 /* NavigationController.swift in Sources */ = {isa = PBXBuildFile; fileRef = 92F4D93A20E37623008CECF7 /* NavigationController.swift */; };
		F96207C4AF2FC7DF560A3E3A /* Pods_Example_Hero.framework in Frameworks */ = {isa = PBXBuildFile; fileRef = 5BD23722121767C5AA8E3395 /* Pods_Example_Hero.framework */; };
/* End PBXBuildFile section */

/* Begin PBXFileReference section */
		5BD23722121767C5AA8E3395 /* Pods_Example_Hero.framework */ = {isa = PBXFileReference; explicitFileType = wrapper.framework; includeInIndex = 0; path = Pods_Example_Hero.framework; sourceTree = BUILT_PRODUCTS_DIR; };
		7838AC1EE203488415549D3B /* Pods-Example Hero.debug.xcconfig */ = {isa = PBXFileReference; includeInIndex = 1; lastKnownFileType = text.xcconfig; name = "Pods-Example Hero.debug.xcconfig"; path = "Pods/Target Support Files/Pods-Example Hero/Pods-Example Hero.debug.xcconfig"; sourceTree = "<group>"; };
		92C234D320E3C1AC00BB8FC2 /* SmallCell.swift */ = {isa = PBXFileReference; lastKnownFileType = sourcecode.swift; path = SmallCell.swift; sourceTree = "<group>"; };
		92C234D620E3C27500BB8FC2 /* SmallCellTableViewController.swift */ = {isa = PBXFileReference; lastKnownFileType = sourcecode.swift; path = SmallCellTableViewController.swift; sourceTree = "<group>"; };
		92E9DDC220E4745400E7F9C3 /* ModalDetailViewController.swift */ = {isa = PBXFileReference; lastKnownFileType = sourcecode.swift; path = ModalDetailViewController.swift; sourceTree = "<group>"; };
		92E9DDC420E4766D00E7F9C3 /* UIImage+Extension.swift */ = {isa = PBXFileReference; lastKnownFileType = sourcecode.swift; path = "UIImage+Extension.swift"; sourceTree = "<group>"; };
		92F4D91B20E35FEA008CECF7 /* Example Hero.app */ = {isa = PBXFileReference; explicitFileType = wrapper.application; includeInIndex = 0; path = "Example Hero.app"; sourceTree = BUILT_PRODUCTS_DIR; };
		92F4D91E20E35FEA008CECF7 /* AppDelegate.swift */ = {isa = PBXFileReference; lastKnownFileType = sourcecode.swift; path = AppDelegate.swift; sourceTree = "<group>"; };
		92F4D92320E35FEA008CECF7 /* Base */ = {isa = PBXFileReference; lastKnownFileType = file.storyboard; name = Base; path = Base.lproj/Main.storyboard; sourceTree = "<group>"; };
		92F4D92520E35FEC008CECF7 /* Assets.xcassets */ = {isa = PBXFileReference; lastKnownFileType = folder.assetcatalog; path = Assets.xcassets; sourceTree = "<group>"; };
		92F4D92820E35FEC008CECF7 /* Base */ = {isa = PBXFileReference; lastKnownFileType = file.storyboard; name = Base; path = Base.lproj/LaunchScreen.storyboard; sourceTree = "<group>"; };
		92F4D92A20E35FEC008CECF7 /* Info.plist */ = {isa = PBXFileReference; lastKnownFileType = text.plist.xml; path = Info.plist; sourceTree = "<group>"; };
		92F4D93420E36272008CECF7 /* TableViewController.swift */ = {isa = PBXFileReference; lastKnownFileType = sourcecode.swift; path = TableViewController.swift; sourceTree = "<group>"; };
		92F4D93620E36DA7008CECF7 /* MyTableViewCell.swift */ = {isa = PBXFileReference; lastKnownFileType = sourcecode.swift; path = MyTableViewCell.swift; sourceTree = "<group>"; };
		92F4D93820E3757F008CECF7 /* PushDetailViewController.swift */ = {isa = PBXFileReference; lastKnownFileType = sourcecode.swift; path = PushDetailViewController.swift; sourceTree = "<group>"; };
		92F4D93A20E37623008CECF7 /* NavigationController.swift */ = {isa = PBXFileReference; lastKnownFileType = sourcecode.swift; path = NavigationController.swift; sourceTree = "<group>"; };
		E0EB84C1D8517D7782B74CCC /* Pods-Example Hero.release.xcconfig */ = {isa = PBXFileReference; includeInIndex = 1; lastKnownFileType = text.xcconfig; name = "Pods-Example Hero.release.xcconfig"; path = "Pods/Target Support Files/Pods-Example Hero/Pods-Example Hero.release.xcconfig"; sourceTree = "<group>"; };
/* End PBXFileReference section */

/* Begin PBXFrameworksBuildPhase section */
		92F4D91820E35FEA008CECF7 /* Frameworks */ = {
			isa = PBXFrameworksBuildPhase;
			buildActionMask = 2147483647;
			files = (
				F96207C4AF2FC7DF560A3E3A /* Pods_Example_Hero.framework in Frameworks */,
			);
			runOnlyForDeploymentPostprocessing = 0;
		};
/* End PBXFrameworksBuildPhase section */

/* Begin PBXGroup section */
		92E9DDC620E4768D00E7F9C3 /* extension */ = {
			isa = PBXGroup;
			children = (
				92E9DDC420E4766D00E7F9C3 /* UIImage+Extension.swift */,
			);
			path = extension;
			sourceTree = "<group>";
		};
		92F4D91220E35FEA008CECF7 = {
			isa = PBXGroup;
			children = (
				92F4D91D20E35FEA008CECF7 /* Example Hero */,
				92F4D91C20E35FEA008CECF7 /* Products */,
				988295ED47E3D1FC1DC9F81E /* Pods */,
				D9D432B09F866FEFB8A0B9B1 /* Frameworks */,
			);
			sourceTree = "<group>";
		};
		92F4D91C20E35FEA008CECF7 /* Products */ = {
			isa = PBXGroup;
			children = (
				92F4D91B20E35FEA008CECF7 /* Example Hero.app */,
			);
			name = Products;
			sourceTree = "<group>";
		};
		92F4D91D20E35FEA008CECF7 /* Example Hero */ = {
			isa = PBXGroup;
			children = (
				92E9DDC620E4768D00E7F9C3 /* extension */,
				92F4D93320E3620D008CECF7 /* supporting files */,
				92F4D93220E361F6008CECF7 /* model */,
				92F4D93120E361F3008CECF7 /* view */,
				92F4D93020E361EE008CECF7 /* controller */,
				92F4D92A20E35FEC008CECF7 /* Info.plist */,
				92F4D93A20E37623008CECF7 /* NavigationController.swift */,
			);
			path = "Example Hero";
			sourceTree = "<group>";
		};
		92F4D93020E361EE008CECF7 /* controller */ = {
			isa = PBXGroup;
			children = (
				92F4D93420E36272008CECF7 /* TableViewController.swift */,
				92F4D93820E3757F008CECF7 /* PushDetailViewController.swift */,
				92C234D620E3C27500BB8FC2 /* SmallCellTableViewController.swift */,
				92E9DDC220E4745400E7F9C3 /* ModalDetailViewController.swift */,
			);
			path = controller;
			sourceTree = "<group>";
		};
		92F4D93120E361F3008CECF7 /* view */ = {
			isa = PBXGroup;
			children = (
				92F4D92220E35FEA008CECF7 /* Main.storyboard */,
				92F4D92520E35FEC008CECF7 /* Assets.xcassets */,
				92F4D92720E35FEC008CECF7 /* LaunchScreen.storyboard */,
				92F4D93620E36DA7008CECF7 /* MyTableViewCell.swift */,
				92C234D320E3C1AC00BB8FC2 /* SmallCell.swift */,
			);
			path = view;
			sourceTree = "<group>";
		};
		92F4D93220E361F6008CECF7 /* model */ = {
			isa = PBXGroup;
			children = (
			);
			path = model;
			sourceTree = "<group>";
		};
		92F4D93320E3620D008CECF7 /* supporting files */ = {
			isa = PBXGroup;
			children = (
				92F4D91E20E35FEA008CECF7 /* AppDelegate.swift */,
			);
			path = "supporting files";
			sourceTree = "<group>";
		};
		988295ED47E3D1FC1DC9F81E /* Pods */ = {
			isa = PBXGroup;
			children = (
				7838AC1EE203488415549D3B /* Pods-Example Hero.debug.xcconfig */,
				E0EB84C1D8517D7782B74CCC /* Pods-Example Hero.release.xcconfig */,
			);
			name = Pods;
			sourceTree = "<group>";
		};
		D9D432B09F866FEFB8A0B9B1 /* Frameworks */ = {
			isa = PBXGroup;
			children = (
				5BD23722121767C5AA8E3395 /* Pods_Example_Hero.framework */,
			);
			name = Frameworks;
			sourceTree = "<group>";
		};
/* End PBXGroup section */

/* Begin PBXNativeTarget section */
		92F4D91A20E35FEA008CECF7 /* Example Hero */ = {
			isa = PBXNativeTarget;
			buildConfigurationList = 92F4D92D20E35FEC008CECF7 /* Build configuration list for PBXNativeTarget "Example Hero" */;
			buildPhases = (
				F7A48E0647908502C2C83527 /* [CP] Check Pods Manifest.lock */,
				92F4D91720E35FEA008CECF7 /* Sources */,
				92F4D91820E35FEA008CECF7 /* Frameworks */,
				92F4D91920E35FEA008CECF7 /* Resources */,
				16D78176C6E146400B112638 /* [CP] Embed Pods Frameworks */,
			);
			buildRules = (
			);
			dependencies = (
			);
			name = "Example Hero";
			productName = "Example Hero";
			productReference = 92F4D91B20E35FEA008CECF7 /* Example Hero.app */;
			productType = "com.apple.product-type.application";
		};
/* End PBXNativeTarget section */

/* Begin PBXProject section */
		92F4D91320E35FEA008CECF7 /* Project object */ = {
			isa = PBXProject;
			attributes = {
				LastSwiftUpdateCheck = 0940;
				LastUpgradeCheck = 0940;
				ORGANIZATIONNAME = "Arifin Firdaus";
				TargetAttributes = {
					92F4D91A20E35FEA008CECF7 = {
						CreatedOnToolsVersion = 9.4.1;
					};
				};
			};
			buildConfigurationList = 92F4D91620E35FEA008CECF7 /* Build configuration list for PBXProject "Example Hero" */;
			compatibilityVersion = "Xcode 9.3";
			developmentRegion = en;
			hasScannedForEncodings = 0;
			knownRegions = (
				en,
				Base,
			);
			mainGroup = 92F4D91220E35FEA008CECF7;
			productRefGroup = 92F4D91C20E35FEA008CECF7 /* Products */;
			projectDirPath = "";
			projectRoot = "";
			targets = (
				92F4D91A20E35FEA008CECF7 /* Example Hero */,
			);
		};
/* End PBXProject section */

/* Begin PBXResourcesBuildPhase section */
		92F4D91920E35FEA008CECF7 /* Resources */ = {
			isa = PBXResourcesBuildPhase;
			buildActionMask = 2147483647;
			files = (
				92F4D92920E35FEC008CECF7 /* LaunchScreen.storyboard in Resources */,
				92F4D92620E35FEC008CECF7 /* Assets.xcassets in Resources */,
				92F4D92420E35FEA008CECF7 /* Main.storyboard in Resources */,
			);
			runOnlyForDeploymentPostprocessing = 0;
		};
/* End PBXResourcesBuildPhase section */

/* Begin PBXShellScriptBuildPhase section */
		16D78176C6E146400B112638 /* [CP] Embed Pods Frameworks */ = {
			isa = PBXShellScriptBuildPhase;
			buildActionMask = 2147483647;
			files = (
			);
			inputPaths = (
				"${SRCROOT}/Pods/Target Support Files/Pods-Example Hero/Pods-Example Hero-frameworks.sh",
				"${BUILT_PRODUCTS_DIR}/Hero/Hero.framework",
			);
			name = "[CP] Embed Pods Frameworks";
			outputPaths = (
				"${TARGET_BUILD_DIR}/${FRAMEWORKS_FOLDER_PATH}/Hero.framework",
			);
			runOnlyForDeploymentPostprocessing = 0;
			shellPath = /bin/sh;
			shellScript = "\"${SRCROOT}/Pods/Target Support Files/Pods-Example Hero/Pods-Example Hero-frameworks.sh\"\n";
			showEnvVarsInLog = 0;
		};
		F7A48E0647908502C2C83527 /* [CP] Check Pods Manifest.lock */ = {
			isa = PBXShellScriptBuildPhase;
			buildActionMask = 2147483647;
			files = (
			);
			inputPaths = (
				"${PODS_PODFILE_DIR_PATH}/Podfile.lock",
				"${PODS_ROOT}/Manifest.lock",
			);
			name = "[CP] Check Pods Manifest.lock";
			outputPaths = (
				"$(DERIVED_FILE_DIR)/Pods-Example Hero-checkManifestLockResult.txt",
			);
			runOnlyForDeploymentPostprocessing = 0;
			shellPath = /bin/sh;
			shellScript = "diff \"${PODS_PODFILE_DIR_PATH}/Podfile.lock\" \"${PODS_ROOT}/Manifest.lock\" > /dev/null\nif [ $? != 0 ] ; then\n    # print error to STDERR\n    echo \"error: The sandbox is not in sync with the Podfile.lock. Run 'pod install' or update your CocoaPods installation.\" >&2\n    exit 1\nfi\n# This output is used by Xcode 'outputs' to avoid re-running this script phase.\necho \"SUCCESS\" > \"${SCRIPT_OUTPUT_FILE_0}\"\n";
			showEnvVarsInLog = 0;
		};
/* End PBXShellScriptBuildPhase section */

/* Begin PBXSourcesBuildPhase section */
		92F4D91720E35FEA008CECF7 /* Sources */ = {
			isa = PBXSourcesBuildPhase;
			buildActionMask = 2147483647;
			files = (
				92F4D91F20E35FEA008CECF7 /* AppDelegate.swift in Sources */,
				92E9DDC320E4745400E7F9C3 /* ModalDetailViewController.swift in Sources */,
				92F4D93520E36272008CECF7 /* TableViewController.swift in Sources */,
				92E9DDC520E4766D00E7F9C3 /* UIImage+Extension.swift in Sources */,
				92F4D93B20E37623008CECF7 /* NavigationController.swift in Sources */,
				92C234D420E3C1AC00BB8FC2 /* SmallCell.swift in Sources */,
				92F4D93720E36DA7008CECF7 /* MyTableViewCell.swift in Sources */,
				92C234D720E3C27500BB8FC2 /* SmallCellTableViewController.swift in Sources */,
				92F4D93920E3757F008CECF7 /* PushDetailViewController.swift in Sources */,
			);
			runOnlyForDeploymentPostprocessing = 0;
		};
/* End PBXSourcesBuildPhase section */

/* Begin PBXVariantGroup section */
		92F4D92220E35FEA008CECF7 /* Main.storyboard */ = {
			isa = PBXVariantGroup;
			children = (
				92F4D92320E35FEA008CECF7 /* Base */,
			);
			name = Main.storyboard;
			sourceTree = "<group>";
		};
		92F4D92720E35FEC008CECF7 /* LaunchScreen.storyboard */ = {
			isa = PBXVariantGroup;
			children = (
				92F4D92820E35FEC008CECF7 /* Base */,
			);
			name = LaunchScreen.storyboard;
			sourceTree = "<group>";
		};
/* End PBXVariantGroup section */

/* Begin XCBuildConfiguration section */
		92F4D92B20E35FEC008CECF7 /* Debug */ = {
			isa = XCBuildConfiguration;
			buildSettings = {
				ALWAYS_SEARCH_USER_PATHS = NO;
				CLANG_ANALYZER_NONNULL = YES;
				CLANG_ANALYZER_NUMBER_OBJECT_CONVERSION = YES_AGGRESSIVE;
				CLANG_CXX_LANGUAGE_STANDARD = "gnu++14";
				CLANG_CXX_LIBRARY = "libc++";
				CLANG_ENABLE_MODULES = YES;
				CLANG_ENABLE_OBJC_ARC = YES;
				CLANG_ENABLE_OBJC_WEAK = YES;
				CLANG_WARN_BLOCK_CAPTURE_AUTORELEASING = YES;
				CLANG_WARN_BOOL_CONVERSION = YES;
				CLANG_WARN_COMMA = YES;
				CLANG_WARN_CONSTANT_CONVERSION = YES;
				CLANG_WARN_DEPRECATED_OBJC_IMPLEMENTATIONS = YES;
				CLANG_WARN_DIRECT_OBJC_ISA_USAGE = YES_ERROR;
				CLANG_WARN_DOCUMENTATION_COMMENTS = YES;
				CLANG_WARN_EMPTY_BODY = YES;
				CLANG_WARN_ENUM_CONVERSION = YES;
				CLANG_WARN_INFINITE_RECURSION = YES;
				CLANG_WARN_INT_CONVERSION = YES;
				CLANG_WARN_NON_LITERAL_NULL_CONVERSION = YES;
				CLANG_WARN_OBJC_IMPLICIT_RETAIN_SELF = YES;
				CLANG_WARN_OBJC_LITERAL_CONVERSION = YES;
				CLANG_WARN_OBJC_ROOT_CLASS = YES_ERROR;
				CLANG_WARN_RANGE_LOOP_ANALYSIS = YES;
				CLANG_WARN_STRICT_PROTOTYPES = YES;
				CLANG_WARN_SUSPICIOUS_MOVE = YES;
				CLANG_WARN_UNGUARDED_AVAILABILITY = YES_AGGRESSIVE;
				CLANG_WARN_UNREACHABLE_CODE = YES;
				CLANG_WARN__DUPLICATE_METHOD_MATCH = YES;
				CODE_SIGN_IDENTITY = "iPhone Developer";
				COPY_PHASE_STRIP = NO;
				DEBUG_INFORMATION_FORMAT = dwarf;
				ENABLE_STRICT_OBJC_MSGSEND = YES;
				ENABLE_TESTABILITY = YES;
				GCC_C_LANGUAGE_STANDARD = gnu11;
				GCC_DYNAMIC_NO_PIC = NO;
				GCC_NO_COMMON_BLOCKS = YES;
				GCC_OPTIMIZATION_LEVEL = 0;
				GCC_PREPROCESSOR_DEFINITIONS = (
					"DEBUG=1",
					"$(inherited)",
				);
				GCC_WARN_64_TO_32_BIT_CONVERSION = YES;
				GCC_WARN_ABOUT_RETURN_TYPE = YES_ERROR;
				GCC_WARN_UNDECLARED_SELECTOR = YES;
				GCC_WARN_UNINITIALIZED_AUTOS = YES_AGGRESSIVE;
				GCC_WARN_UNUSED_FUNCTION = YES;
				GCC_WARN_UNUSED_VARIABLE = YES;
				IPHONEOS_DEPLOYMENT_TARGET = 11.4;
				MTL_ENABLE_DEBUG_INFO = YES;
				ONLY_ACTIVE_ARCH = YES;
				SDKROOT = iphoneos;
				SWIFT_ACTIVE_COMPILATION_CONDITIONS = DEBUG;
				SWIFT_OPTIMIZATION_LEVEL = "-Onone";
			};
			name = Debug;
		};
		92F4D92C20E35FEC008CECF7 /* Release */ = {
			isa = XCBuildConfiguration;
			buildSettings = {
				ALWAYS_SEARCH_USER_PATHS = NO;
				CLANG_ANALYZER_NONNULL = YES;
				CLANG_ANALYZER_NUMBER_OBJECT_CONVERSION = YES_AGGRESSIVE;
				CLANG_CXX_LANGUAGE_STANDARD = "gnu++14";
				CLANG_CXX_LIBRARY = "libc++";
				CLANG_ENABLE_MODULES = YES;
				CLANG_ENABLE_OBJC_ARC = YES;
				CLANG_ENABLE_OBJC_WEAK = YES;
				CLANG_WARN_BLOCK_CAPTURE_AUTORELEASING = YES;
				CLANG_WARN_BOOL_CONVERSION = YES;
				CLANG_WARN_COMMA = YES;
				CLANG_WARN_CONSTANT_CONVERSION = YES;
				CLANG_WARN_DEPRECATED_OBJC_IMPLEMENTATIONS = YES;
				CLANG_WARN_DIRECT_OBJC_ISA_USAGE = YES_ERROR;
				CLANG_WARN_DOCUMENTATION_COMMENTS = YES;
				CLANG_WARN_EMPTY_BODY = YES;
				CLANG_WARN_ENUM_CONVERSION = YES;
				CLANG_WARN_INFINITE_RECURSION = YES;
				CLANG_WARN_INT_CONVERSION = YES;
				CLANG_WARN_NON_LITERAL_NULL_CONVERSION = YES;
				CLANG_WARN_OBJC_IMPLICIT_RETAIN_SELF = YES;
				CLANG_WARN_OBJC_LITERAL_CONVERSION = YES;
				CLANG_WARN_OBJC_ROOT_CLASS = YES_ERROR;
				CLANG_WARN_RANGE_LOOP_ANALYSIS = YES;
				CLANG_WARN_STRICT_PROTOTYPES = YES;
				CLANG_WARN_SUSPICIOUS_MOVE = YES;
				CLANG_WARN_UNGUARDED_AVAILABILITY = YES_AGGRESSIVE;
				CLANG_WARN_UNREACHABLE_CODE = YES;
				CLANG_WARN__DUPLICATE_METHOD_MATCH = YES;
				CODE_SIGN_IDENTITY = "iPhone Developer";
				COPY_PHASE_STRIP = NO;
				DEBUG_INFORMATION_FORMAT = "dwarf-with-dsym";
				ENABLE_NS_ASSERTIONS = NO;
				ENABLE_STRICT_OBJC_MSGSEND = YES;
				GCC_C_LANGUAGE_STANDARD = gnu11;
				GCC_NO_COMMON_BLOCKS = YES;
				GCC_WARN_64_TO_32_BIT_CONVERSION = YES;
				GCC_WARN_ABOUT_RETURN_TYPE = YES_ERROR;
				GCC_WARN_UNDECLARED_SELECTOR = YES;
				GCC_WARN_UNINITIALIZED_AUTOS = YES_AGGRESSIVE;
				GCC_WARN_UNUSED_FUNCTION = YES;
				GCC_WARN_UNUSED_VARIABLE = YES;
				IPHONEOS_DEPLOYMENT_TARGET = 11.4;
				MTL_ENABLE_DEBUG_INFO = NO;
				SDKROOT = iphoneos;
				SWIFT_COMPILATION_MODE = wholemodule;
				SWIFT_OPTIMIZATION_LEVEL = "-O";
				VALIDATE_PRODUCT = YES;
			};
			name = Release;
		};
		92F4D92E20E35FEC008CECF7 /* Debug */ = {
			isa = XCBuildConfiguration;
			baseConfigurationReference = 7838AC1EE203488415549D3B /* Pods-Example Hero.debug.xcconfig */;
			buildSettings = {
				ASSETCATALOG_COMPILER_APPICON_NAME = AppIcon;
				CODE_SIGN_STYLE = Automatic;
				INFOPLIST_FILE = "Example Hero/Info.plist";
				LD_RUNPATH_SEARCH_PATHS = (
					"$(inherited)",
					"@executable_path/Frameworks",
				);
				PRODUCT_BUNDLE_IDENTIFIER = "com.arifinfrds.Example-Hero";
				PRODUCT_NAME = "$(TARGET_NAME)";
				SWIFT_VERSION = 4.0;
				TARGETED_DEVICE_FAMILY = "1,2";
			};
			name = Debug;
		};
		92F4D92F20E35FEC008CECF7 /* Release */ = {
			isa = XCBuildConfiguration;
			baseConfigurationReference = E0EB84C1D8517D7782B74CCC /* Pods-Example Hero.release.xcconfig */;
			buildSettings = {
				ASSETCATALOG_COMPILER_APPICON_NAME = AppIcon;
				CODE_SIGN_STYLE = Automatic;
				INFOPLIST_FILE = "Example Hero/Info.plist";
				LD_RUNPATH_SEARCH_PATHS = (
					"$(inherited)",
					"@executable_path/Frameworks",
				);
				PRODUCT_BUNDLE_IDENTIFIER = "com.arifinfrds.Example-Hero";
				PRODUCT_NAME = "$(TARGET_NAME)";
				SWIFT_VERSION = 4.0;
				TARGETED_DEVICE_FAMILY = "1,2";
			};
			name = Release;
		};
/* End XCBuildConfiguration section */

/* Begin XCConfigurationList section */
		92F4D91620E35FEA008CECF7 /* Build configuration list for PBXProject "Example Hero" */ = {
			isa = XCConfigurationList;
			buildConfigurations = (
				92F4D92B20E35FEC008CECF7 /* Debug */,
				92F4D92C20E35FEC008CECF7 /* Release */,
			);
			defaultConfigurationIsVisible = 0;
			defaultConfigurationName = Release;
		};
		92F4D92D20E35FEC008CECF7 /* Build configuration list for PBXNativeTarget "Example Hero" */ = {
			isa = XCConfigurationList;
			buildConfigurations = (
				92F4D92E20E35FEC008CECF7 /* Debug */,
				92F4D92F20E35FEC008CECF7 /* Release */,
			);
			defaultConfigurationIsVisible = 0;
			defaultConfigurationName = Release;
		};
/* End XCConfigurationList section */
	};
	rootObject = 92F4D91320E35FEA008CECF7 /* Project object */;
}
